
Microsoft Visual Studio Solution File, Format Version 12.00
# Visual Studio Version 17
VisualStudioVersion = 17.7.34031.279
MinimumVisualStudioVersion = 10.0.40219.1
Project("{8BC9CEB8-8B4A-11D0-8D11-00A0C91BC942}") = "implement_cpp", "implement_cpp.vcxproj", "{7C83D2E5-7F66-4A08-AB34-8F5E9C9B3F35}"
EndProject
Project("{8BC9CEB8-8B4A-11D0-8D11-00A0C91BC942}") = "test", "..\test\test.vcxproj", "{48997A61-26DC-4EE8-A134-CF4CA52F6B8C}"
EndProject
Global
	GlobalSection(SolutionConfigurationPlatforms) = preSolution
		Debug|x64 = Debug|x64
		Debug|x86 = Debug|x86
		Release|x64 = Release|x64
		Release|x86 = Release|x86
	EndGlobalSection
	GlobalSection(ProjectConfigurationPlatforms) = postSolution
		{7C83D2E5-7F66-4A08-AB34-8F5E9C9B3F35}.Debug|x64.ActiveCfg = Debug|x64
		{7C83D2E5-7F66-4A08-AB34-8F5E9C9B3F35}.Debug|x64.Build.0 = Debug|x64
		{7C83D2E5-7F66-4A08-AB34-8F5E9C9B3F35}.Debug|x86.ActiveCfg = Debug|Win32
		{7C83D2E5-7F66-4A08-AB34-8F5E9C9B3F35}.Debug|x86.Build.0 = Debug|Win32
		{7C83D2E5-7F66-4A08-AB34-8F5E9C9B3F35}.Release|x64.ActiveCfg = Release|x64
		{7C83D2E5-7F66-4A08-AB34-8F5E9C9B3F35}.Release|x64.Build.0 = Release|x64
		{7C83D2E5-7F66-4A08-AB34-8F5E9C9B3F35}.Release|x86.ActiveCfg = Release|Win32
		{7C83D2E5-7F66-4A08-AB34-8F5E9C9B3F35}.Release|x86.Build.0 = Release|Win32
		{48997A61-26DC-4EE8-A134-CF4CA52F6B8C}.Debug|x64.ActiveCfg = Debug|x64
		{48997A61-26DC-4EE8-A134-CF4CA52F6B8C}.Debug|x64.Build.0 = Debug|x64
		{48997A61-26DC-4EE8-A134-CF4CA52F6B8C}.Debug|x86.ActiveCfg = Debug|Win32
		{48997A61-26DC-4EE8-A134-CF4CA52F6B8C}.Debug|x86.Build.0 = Debug|Win32
		{48997A61-26DC-4EE8-A134-CF4CA52F6B8C}.Release|x64.ActiveCfg = Release|x64
		{48997A61-26DC-4EE8-A134-CF4CA52F6B8C}.Release|x64.Build.0 = Release|x64
		{48997A61-26DC-4EE8-A134-CF4CA52F6B8C}.Release|x86.ActiveCfg = Release|Win32
		{48997A61-26DC-4EE8-A134-CF4CA52F6B8C}.Release|x86.Build.0 = Release|Win32
	EndGlobalSection
	GlobalSection(SolutionProperties) = preSolution
		HideSolutionNode = FALSE
	EndGlobalSection
	GlobalSection(ExtensibilityGlobals) = postSolution
		SolutionGuid = {138EAC1F-D433-4119-B1CD-4C1F61F3569B}
	EndGlobalSection
EndGlobal
